
Microsoft Visual Studio Solution File, Format Version 12.00
# Visual Studio Version 18
VisualStudioVersion = 18.1.11304.174
MinimumVisualStudioVersion = 10.0.40219.1
Project("{FAE04EC0-301F-11D3-BF4B-00C04F79EFBC}") = "Portal.API", "Portal.API\Portal.API.csproj", "{1E195A2D-CFA5-43E0-B886-76E3B27BB5B2}"
EndProject
Project("{FAE04EC0-301F-11D3-BF4B-00C04F79EFBC}") = "Portal.Domain", "Portal.Domain\Portal.Domain.csproj", "{6BA2BC9E-99E0-46BB-B225-73C87823121E}"
EndProject
Project("{FAE04EC0-301F-11D3-BF4B-00C04F79EFBC}") = "Portal.Infrastructure", "Portal.Infrastructure\Portal.Infrastructure.csproj", "{8197A6B9-0DF8-4216-BD19-B5D889085DD4}"
EndProject
Project("{FAE04EC0-301F-11D3-BF4B-00C04F79EFBC}") = "Portal.Application", "Portal.Application\Portal.Application.csproj", "{985D03F2-862D-44DE-B3B9-42C34C42CE5F}"
EndProject
Project("{FAE04EC0-301F-11D3-BF4B-00C04F79EFBC}") = "Portal.WEB", "Portal.WEB\Portal.WEB.csproj", "{3DC2E5C6-6D02-4259-9D29-158004CF02BB}"
EndProject
Project("{FAE04EC0-301F-11D3-BF4B-00C04F79EFBC}") = "Portal.MAUIHybrid", "Portal.MAUIHybrid\Portal.MAUIHybrid.csproj", "{7CC274E9-535D-4911-BCBA-97E6D554CD5F}"
EndProject
Global
	GlobalSection(SolutionConfigurationPlatforms) = preSolution
		Debug|Any CPU = Debug|Any CPU
		Debug|ARM64 = Debug|ARM64
		Debug|x64 = Debug|x64
		Release|Any CPU = Release|Any CPU
		Release|ARM64 = Release|ARM64
		Release|x64 = Release|x64
	EndGlobalSection
	GlobalSection(ProjectConfigurationPlatforms) = postSolution
		{1E195A2D-CFA5-43E0-B886-76E3B27BB5B2}.Debug|Any CPU.ActiveCfg = Debug|Any CPU
		{1E195A2D-CFA5-43E0-B886-76E3B27BB5B2}.Debug|Any CPU.Build.0 = Debug|Any CPU
		{1E195A2D-CFA5-43E0-B886-76E3B27BB5B2}.Debug|ARM64.ActiveCfg = Debug|Any CPU
		{1E195A2D-CFA5-43E0-B886-76E3B27BB5B2}.Debug|ARM64.Build.0 = Debug|Any CPU
		{1E195A2D-CFA5-43E0-B886-76E3B27BB5B2}.Debug|x64.ActiveCfg = Debug|Any CPU
		{1E195A2D-CFA5-43E0-B886-76E3B27BB5B2}.Debug|x64.Build.0 = Debug|Any CPU
		{1E195A2D-CFA5-43E0-B886-76E3B27BB5B2}.Release|Any CPU.ActiveCfg = Debug|Any CPU
		{1E195A2D-CFA5-43E0-B886-76E3B27BB5B2}.Release|Any CPU.Build.0 = Debug|Any CPU
		{1E195A2D-CFA5-43E0-B886-76E3B27BB5B2}.Release|ARM64.ActiveCfg = Release|Any CPU
		{1E195A2D-CFA5-43E0-B886-76E3B27BB5B2}.Release|ARM64.Build.0 = Release|Any CPU
		{1E195A2D-CFA5-43E0-B886-76E3B27BB5B2}.Release|x64.ActiveCfg = Release|Any CPU
		{1E195A2D-CFA5-43E0-B886-76E3B27BB5B2}.Release|x64.Build.0 = Release|Any CPU
		{6BA2BC9E-99E0-46BB-B225-73C87823121E}.Debug|Any CPU.ActiveCfg = Debug|Any CPU
		{6BA2BC9E-99E0-46BB-B225-73C87823121E}.Debug|Any CPU.Build.0 = Debug|Any CPU
		{6BA2BC9E-99E0-46BB-B225-73C87823121E}.Debug|ARM64.ActiveCfg = Debug|Any CPU
		{6BA2BC9E-99E0-46BB-B225-73C87823121E}.Debug|ARM64.Build.0 = Debug|Any CPU
		{6BA2BC9E-99E0-46BB-B225-73C87823121E}.Debug|x64.ActiveCfg = Debug|Any CPU
		{6BA2BC9E-99E0-46BB-B225-73C87823121E}.Debug|x64.Build.0 = Debug|Any CPU
		{6BA2BC9E-99E0-46BB-B225-73C87823121E}.Release|Any CPU.ActiveCfg = Debug|Any CPU
		{6BA2BC9E-99E0-46BB-B225-73C87823121E}.Release|Any CPU.Build.0 = Debug|Any CPU
		{6BA2BC9E-99E0-46BB-B225-73C87823121E}.Release|ARM64.ActiveCfg = Release|Any CPU
		{6BA2BC9E-99E0-46BB-B225-73C87823121E}.Release|ARM64.Build.0 = Release|Any CPU
		{6BA2BC9E-99E0-46BB-B225-73C87823121E}.Release|x64.ActiveCfg = Release|Any CPU
		{6BA2BC9E-99E0-46BB-B225-73C87823121E}.Release|x64.Build.0 = Release|Any CPU
		{8197A6B9-0DF8-4216-BD19-B5D889085DD4}.Debug|Any CPU.ActiveCfg = Debug|Any CPU
		{8197A6B9-0DF8-4216-BD19-B5D889085DD4}.Debug|Any CPU.Build.0 = Debug|Any CPU
		{8197A6B9-0DF8-4216-BD19-B5D889085DD4}.Debug|ARM64.ActiveCfg = Debug|Any CPU
		{8197A6B9-0DF8-4216-BD19-B5D889085DD4}.Debug|ARM64.Build.0 = Debug|Any CPU
		{8197A6B9-0DF8-4216-BD19-B5D889085DD4}.Debug|x64.ActiveCfg = Debug|Any CPU
		{8197A6B9-0DF8-4216-BD19-B5D889085DD4}.Debug|x64.Build.0 = Debug|Any CPU
		{8197A6B9-0DF8-4216-BD19-B5D889085DD4}.Release|Any CPU.ActiveCfg = Debug|Any CPU
		{8197A6B9-0DF8-4216-BD19-B5D889085DD4}.Release|Any CPU.Build.0 = Debug|Any CPU
		{8197A6B9-0DF8-4216-BD19-B5D889085DD4}.Release|ARM64.ActiveCfg = Release|Any CPU
		{8197A6B9-0DF8-4216-BD19-B5D889085DD4}.Release|ARM64.Build.0 = Release|Any CPU
		{8197A6B9-0DF8-4216-BD19-B5D889085DD4}.Release|x64.ActiveCfg = Release|Any CPU
		{8197A6B9-0DF8-4216-BD19-B5D889085DD4}.Release|x64.Build.0 = Release|Any CPU
		{985D03F2-862D-44DE-B3B9-42C34C42CE5F}.Debug|Any CPU.ActiveCfg = Debug|Any CPU
		{985D03F2-862D-44DE-B3B9-42C34C42CE5F}.Debug|Any CPU.Build.0 = Debug|Any CPU
		{985D03F2-862D-44DE-B3B9-42C34C42CE5F}.Debug|ARM64.ActiveCfg = Debug|Any CPU
		{985D03F2-862D-44DE-B3B9-42C34C42CE5F}.Debug|ARM64.Build.0 = Debug|Any CPU
		{985D03F2-862D-44DE-B3B9-42C34C42CE5F}.Debug|x64.ActiveCfg = Debug|Any CPU
		{985D03F2-862D-44DE-B3B9-42C34C42CE5F}.Debug|x64.Build.0 = Debug|Any CPU
		{985D03F2-862D-44DE-B3B9-42C34C42CE5F}.Release|Any CPU.ActiveCfg = Debug|Any CPU
		{985D03F2-862D-44DE-B3B9-42C34C42CE5F}.Release|Any CPU.Build.0 = Debug|Any CPU
		{985D03F2-862D-44DE-B3B9-42C34C42CE5F}.Release|ARM64.ActiveCfg = Release|Any CPU
		{985D03F2-862D-44DE-B3B9-42C34C42CE5F}.Release|ARM64.Build.0 = Release|Any CPU
		{985D03F2-862D-44DE-B3B9-42C34C42CE5F}.Release|x64.ActiveCfg = Release|Any CPU
		{985D03F2-862D-44DE-B3B9-42C34C42CE5F}.Release|x64.Build.0 = Release|Any CPU
		{3DC2E5C6-6D02-4259-9D29-158004CF02BB}.Debug|Any CPU.ActiveCfg = Debug|Any CPU
		{3DC2E5C6-6D02-4259-9D29-158004CF02BB}.Debug|Any CPU.Build.0 = Debug|Any CPU
		{3DC2E5C6-6D02-4259-9D29-158004CF02BB}.Debug|ARM64.ActiveCfg = Debug|Any CPU
		{3DC2E5C6-6D02-4259-9D29-158004CF02BB}.Debug|ARM64.Build.0 = Debug|Any CPU
		{3DC2E5C6-6D02-4259-9D29-158004CF02BB}.Debug|x64.ActiveCfg = Debug|Any CPU
		{3DC2E5C6-6D02-4259-9D29-158004CF02BB}.Debug|x64.Build.0 = Debug|Any CPU
		{3DC2E5C6-6D02-4259-9D29-158004CF02BB}.Release|Any CPU.ActiveCfg = Debug|Any CPU
		{3DC2E5C6-6D02-4259-9D29-158004CF02BB}.Release|Any CPU.Build.0 = Debug|Any CPU
		{3DC2E5C6-6D02-4259-9D29-158004CF02BB}.Release|ARM64.ActiveCfg = Release|Any CPU
		{3DC2E5C6-6D02-4259-9D29-158004CF02BB}.Release|ARM64.Build.0 = Release|Any CPU
		{3DC2E5C6-6D02-4259-9D29-158004CF02BB}.Release|x64.ActiveCfg = Release|Any CPU
		{3DC2E5C6-6D02-4259-9D29-158004CF02BB}.Release|x64.Build.0 = Release|Any CPU
		{7CC274E9-535D-4911-BCBA-97E6D554CD5F}.Debug|Any CPU.ActiveCfg = Debug|Any CPU
		{7CC274E9-535D-4911-BCBA-97E6D554CD5F}.Debug|Any CPU.Build.0 = Debug|Any CPU
		{7CC274E9-535D-4911-BCBA-97E6D554CD5F}.Debug|Any CPU.Deploy.0 = Debug|Any CPU
		{7CC274E9-535D-4911-BCBA-97E6D554CD5F}.Debug|ARM64.ActiveCfg = Debug|Any CPU
		{7CC274E9-535D-4911-BCBA-97E6D554CD5F}.Debug|ARM64.Build.0 = Debug|Any CPU
		{7CC274E9-535D-4911-BCBA-97E6D554CD5F}.Debug|x64.ActiveCfg = Debug|Any CPU
		{7CC274E9-535D-4911-BCBA-97E6D554CD5F}.Debug|x64.Build.0 = Debug|Any CPU
		{7CC274E9-535D-4911-BCBA-97E6D554CD5F}.Release|Any CPU.ActiveCfg = Release|Any CPU
		{7CC274E9-535D-4911-BCBA-97E6D554CD5F}.Release|Any CPU.Build.0 = Release|Any CPU
		{7CC274E9-535D-4911-BCBA-97E6D554CD5F}.Release|ARM64.ActiveCfg = Release|Any CPU
		{7CC274E9-535D-4911-BCBA-97E6D554CD5F}.Release|ARM64.Build.0 = Release|Any CPU
		{7CC274E9-535D-4911-BCBA-97E6D554CD5F}.Release|x64.ActiveCfg = Release|Any CPU
		{7CC274E9-535D-4911-BCBA-97E6D554CD5F}.Release|x64.Build.0 = Release|Any CPU
	EndGlobalSection
	GlobalSection(SolutionProperties) = preSolution
		HideSolutionNode = FALSE
	EndGlobalSection
	GlobalSection(ExtensibilityGlobals) = postSolution
		SolutionGuid = {B20BC120-C828-4EA5-8806-ED2E36698F29}
	EndGlobalSection
EndGlobal
